{
  "R": {
    "Version": "4.3.0",
    "Repositories": [
      {
        "Name": "CRAN",
        "URL": "https://cran.rstudio.com"
      }
    ]
  },
  "Packages": {
    "dplyr": {
      "Package": "dplyr",
      "Version": "1.1.2",
      "Source": "Repository",
      "Repository": "CRAN"
    },
    "stringr": {
      "Package": "stringr",
      "Version": "1.5.0",
      "Source": "Repository",
      "Repository": "CRAN"
    },
    "readr": {
      "Package": "readr",
      "Version": "2.1.4",
      "Source": "Repository",
      "Repository": "CRAN"
    },
    "RecordLinkage": {
      "Package": "RecordLinkage",
      "Version": "0.4-12.1",
      "Source": "Repository",
      "Repository": "CRAN"
    },
    "stringdist": {
      "Package": "stringdist",
      "Version": "0.9.10",
      "Source": "Repository",
      "Repository": "CRAN"
    }
  }
}
